
Microsoft Visual Studio Solution File, Format Version 12.00
# Visual Studio Version 16
VisualStudioVersion = 16.0.31005.135
MinimumVisualStudioVersion = 10.0.40219.1
Project("{FAE04EC0-301F-11D3-BF4B-00C04F79EFBC}") = "ExcelExport_TQC5OX", "ExcelExport_TQC5OX\ExcelExport_TQC5OX.csproj", "{F3376F61-4800-4B5E-ADCC-8BE71609A74A}"
EndProject
Global
	GlobalSection(SolutionConfigurationPlatforms) = preSolution
		Debug|Any CPU = Debug|Any CPU
		Release|Any CPU = Release|Any CPU
	EndGlobalSection
	GlobalSection(ProjectConfigurationPlatforms) = postSolution
		{F3376F61-4800-4B5E-ADCC-8BE71609A74A}.Debug|Any CPU.ActiveCfg = Debug|Any CPU
		{F3376F61-4800-4B5E-ADCC-8BE71609A74A}.Debug|Any CPU.Build.0 = Debug|Any CPU
		{F3376F61-4800-4B5E-ADCC-8BE71609A74A}.Release|Any CPU.ActiveCfg = Release|Any CPU
		{F3376F61-4800-4B5E-ADCC-8BE71609A74A}.Release|Any CPU.Build.0 = Release|Any CPU
	EndGlobalSection
	GlobalSection(SolutionProperties) = preSolution
		HideSolutionNode = FALSE
	EndGlobalSection
	GlobalSection(ExtensibilityGlobals) = postSolution
		SolutionGuid = {0070C722-8B09-409F-8E82-DF4B0DA6F9F5}
	EndGlobalSection
EndGlobal
