
Microsoft Visual Studio Solution File, Format Version 12.00
# Visual Studio Version 16
VisualStudioVersion = 16.0.31005.135
MinimumVisualStudioVersion = 10.0.40219.1
Project("{FAE04EC0-301F-11D3-BF4B-00C04F79EFBC}") = "VaR_TQC5OX", "VaR_TQC5OX\VaR_TQC5OX.csproj", "{08D06184-A7B2-40AF-8825-A399D844D818}"
EndProject
Global
	GlobalSection(SolutionConfigurationPlatforms) = preSolution
		Debug|Any CPU = Debug|Any CPU
		Release|Any CPU = Release|Any CPU
	EndGlobalSection
	GlobalSection(ProjectConfigurationPlatforms) = postSolution
		{08D06184-A7B2-40AF-8825-A399D844D818}.Debug|Any CPU.ActiveCfg = Debug|Any CPU
		{08D06184-A7B2-40AF-8825-A399D844D818}.Debug|Any CPU.Build.0 = Debug|Any CPU
		{08D06184-A7B2-40AF-8825-A399D844D818}.Release|Any CPU.ActiveCfg = Release|Any CPU
		{08D06184-A7B2-40AF-8825-A399D844D818}.Release|Any CPU.Build.0 = Release|Any CPU
	EndGlobalSection
	GlobalSection(SolutionProperties) = preSolution
		HideSolutionNode = FALSE
	EndGlobalSection
	GlobalSection(ExtensibilityGlobals) = postSolution
		SolutionGuid = {C24F99D6-1524-4C4D-B6EF-F9CDE91AD914}
	EndGlobalSection
EndGlobal
